{
  "name": "geo-extent",
  "version": "0.0.0",
  "lockfileVersion": 2,
  "requires": true,
  "packages": {
    "": {
      "version": "0.0.0",
      "license": "CC0-1.0",
      "dependencies": {
        "get-epsg-code": "^0.0.5",
        "reproject-bbox": "^0.0.3"
      },
      "devDependencies": {
        "flug": "^2.1.0"
      }
    },
    "node_modules/flug": {
      "version": "2.1.0",
      "resolved": "https://registry.npmjs.org/flug/-/flug-2.1.0.tgz",
      "integrity": "sha512-2cYLCvJpeScx5/5xN/nGiJR2i7ZzN+1ipk/YoreQQGDgHkD1Do8F8/1eyzaUSwNsOB551FNWDQpWZWOKTy1nyQ==",
      "dev": true
    },
    "node_modules/get-epsg-code": {
      "version": "0.0.5",
      "resolved": "https://registry.npmjs.org/get-epsg-code/-/get-epsg-code-0.0.5.tgz",
      "integrity": "sha512-c8XxD+8xcleCKEssQxYkQnQhtXLG7JWIBFYZFa+SDq9ORZe8AY2wgV88XiGxhil5xaNuEJSf1R+q8J4A57MD5g==",
      "dependencies": {
        "wkt-parser": "^1.2.3",
        "xml-utils": "0.0.2"
      }
    },
    "node_modules/mgrs": {
      "version": "1.0.0",
      "resolved": "https://registry.npmjs.org/mgrs/-/mgrs-1.0.0.tgz",
      "integrity": "sha1-+5FYjnjJACVnI5XLQLJffNatGCk="
    },
    "node_modules/proj4": {
      "version": "2.7.5",
      "resolved": "https://registry.npmjs.org/proj4/-/proj4-2.7.5.tgz",
      "integrity": "sha512-5ecXUXbHAfvdhfBQpU7EhUfPCQGUCPmVup/4gnZA3bJY3JcK/xxzm4QQDz1xiXokN6ux65VDczlCtBtKrTSpAQ==",
      "dependencies": {
        "mgrs": "1.0.0",
        "wkt-parser": "^1.3.1"
      }
    },
    "node_modules/proj4-fully-loaded": {
      "version": "0.0.4",
      "resolved": "https://registry.npmjs.org/proj4-fully-loaded/-/proj4-fully-loaded-0.0.4.tgz",
      "integrity": "sha512-74v+nA/T6Hcilukd0nFNTNSEf6Up62jzpLssk4Pr6psRWy2nZCdFV90kb4ZjmbbqBqu7V4D8G9C5V54NixBK4g==",
      "dependencies": {
        "proj4": "^2.7.2",
        "proj4js-definitions": "^0.1.0"
      }
    },
    "node_modules/proj4js-definitions": {
      "version": "0.1.0",
      "resolved": "https://registry.npmjs.org/proj4js-definitions/-/proj4js-definitions-0.1.0.tgz",
      "integrity": "sha512-qmyhkWihIa3E3ZiFsNxvap6oS5+zEH85felbe/YVFuCr1E2j5yUrNQUOU9UEbvKkRJW9kk0MhENtbW3+9Nnr3g=="
    },
    "node_modules/reproject-bbox": {
      "version": "0.0.3",
      "resolved": "https://registry.npmjs.org/reproject-bbox/-/reproject-bbox-0.0.3.tgz",
      "integrity": "sha512-gOEBDx62JegXR89D3hbXDiaet6I/kQihkC/pVA22HuYA75klz0uR4xNiJIeNY2ggKy6rJeQI4iyu49fcGSdPBA==",
      "dependencies": {
        "proj4-fully-loaded": "^0.0.4"
      }
    },
    "node_modules/wkt-parser": {
      "version": "1.3.1",
      "resolved": "https://registry.npmjs.org/wkt-parser/-/wkt-parser-1.3.1.tgz",
      "integrity": "sha512-XK5qV+Y5gsygQfHx2/cS5a7Zxsgleaw8iX5UPC5eOXPc0TgJAu1JB9lr0iYYX3zAnN3p0aNiaN5c+1Bdblxwrg=="
    },
    "node_modules/xml-utils": {
      "version": "0.0.2",
      "resolved": "https://registry.npmjs.org/xml-utils/-/xml-utils-0.0.2.tgz",
      "integrity": "sha512-WBtuDXSXGW3QiP9DBXUS45OqphjQwoI3lRGs1tPZaseze2nY+Ehn0rMV9+2Qzs0ba3d5/DPyzwxmfHhRKwRs5g=="
    }
  },
  "dependencies": {
    "flug": {
      "version": "2.1.0",
      "resolved": "https://registry.npmjs.org/flug/-/flug-2.1.0.tgz",
      "integrity": "sha512-2cYLCvJpeScx5/5xN/nGiJR2i7ZzN+1ipk/YoreQQGDgHkD1Do8F8/1eyzaUSwNsOB551FNWDQpWZWOKTy1nyQ==",
      "dev": true
    },
    "get-epsg-code": {
      "version": "0.0.5",
      "resolved": "https://registry.npmjs.org/get-epsg-code/-/get-epsg-code-0.0.5.tgz",
      "integrity": "sha512-c8XxD+8xcleCKEssQxYkQnQhtXLG7JWIBFYZFa+SDq9ORZe8AY2wgV88XiGxhil5xaNuEJSf1R+q8J4A57MD5g==",
      "requires": {
        "wkt-parser": "^1.2.3",
        "xml-utils": "0.0.2"
      }
    },
    "mgrs": {
      "version": "1.0.0",
      "resolved": "https://registry.npmjs.org/mgrs/-/mgrs-1.0.0.tgz",
      "integrity": "sha1-+5FYjnjJACVnI5XLQLJffNatGCk="
    },
    "proj4": {
      "version": "2.7.5",
      "resolved": "https://registry.npmjs.org/proj4/-/proj4-2.7.5.tgz",
      "integrity": "sha512-5ecXUXbHAfvdhfBQpU7EhUfPCQGUCPmVup/4gnZA3bJY3JcK/xxzm4QQDz1xiXokN6ux65VDczlCtBtKrTSpAQ==",
      "requires": {
        "mgrs": "1.0.0",
        "wkt-parser": "^1.3.1"
      }
    },
    "proj4-fully-loaded": {
      "version": "0.0.4",
      "resolved": "https://registry.npmjs.org/proj4-fully-loaded/-/proj4-fully-loaded-0.0.4.tgz",
      "integrity": "sha512-74v+nA/T6Hcilukd0nFNTNSEf6Up62jzpLssk4Pr6psRWy2nZCdFV90kb4ZjmbbqBqu7V4D8G9C5V54NixBK4g==",
      "requires": {
        "proj4": "^2.7.2",
        "proj4js-definitions": "^0.1.0"
      }
    },
    "proj4js-definitions": {
      "version": "0.1.0",
      "resolved": "https://registry.npmjs.org/proj4js-definitions/-/proj4js-definitions-0.1.0.tgz",
      "integrity": "sha512-qmyhkWihIa3E3ZiFsNxvap6oS5+zEH85felbe/YVFuCr1E2j5yUrNQUOU9UEbvKkRJW9kk0MhENtbW3+9Nnr3g=="
    },
    "reproject-bbox": {
      "version": "0.0.3",
      "resolved": "https://registry.npmjs.org/reproject-bbox/-/reproject-bbox-0.0.3.tgz",
      "integrity": "sha512-gOEBDx62JegXR89D3hbXDiaet6I/kQihkC/pVA22HuYA75klz0uR4xNiJIeNY2ggKy6rJeQI4iyu49fcGSdPBA==",
      "requires": {
        "proj4-fully-loaded": "^0.0.4"
      }
    },
    "wkt-parser": {
      "version": "1.3.1",
      "resolved": "https://registry.npmjs.org/wkt-parser/-/wkt-parser-1.3.1.tgz",
      "integrity": "sha512-XK5qV+Y5gsygQfHx2/cS5a7Zxsgleaw8iX5UPC5eOXPc0TgJAu1JB9lr0iYYX3zAnN3p0aNiaN5c+1Bdblxwrg=="
    },
    "xml-utils": {
      "version": "0.0.2",
      "resolved": "https://registry.npmjs.org/xml-utils/-/xml-utils-0.0.2.tgz",
      "integrity": "sha512-WBtuDXSXGW3QiP9DBXUS45OqphjQwoI3lRGs1tPZaseze2nY+Ehn0rMV9+2Qzs0ba3d5/DPyzwxmfHhRKwRs5g=="
    }
  }
}
